
Microsoft Visual Studio Solution File, Format Version 12.00
# Visual Studio 14
VisualStudioVersion = 14.0.25420.1
MinimumVisualStudioVersion = 10.0.40219.1
Project("{FAE04EC0-301F-11D3-BF4B-00C04F79EFBC}") = "Impress the girlfriend", "Impress the girlfriend\Impress the girlfriend.csproj", "{83E45851-7407-4F4B-94E6-CDEC67BA46D2}"
EndProject
Project("{FAE04EC0-301F-11D3-BF4B-00C04F79EFBC}") = "Takeplanedown", "Takeplanedown\Takeplanedown.csproj", "{9E80B3ED-DC3D-4170-81B4-744D024A9D64}"
EndProject
Project("{FAE04EC0-301F-11D3-BF4B-00C04F79EFBC}") = "AceofDiomonds", "AceofDiomonds\AceofDiomonds.csproj", "{0F705AF8-ED13-4904-B49F-064BBDEA72C4}"
EndProject
Global
	GlobalSection(SolutionConfigurationPlatforms) = preSolution
		Debug|Any CPU = Debug|Any CPU
		Release|Any CPU = Release|Any CPU
	EndGlobalSection
	GlobalSection(ProjectConfigurationPlatforms) = postSolution
		{83E45851-7407-4F4B-94E6-CDEC67BA46D2}.Debug|Any CPU.ActiveCfg = Debug|Any CPU
		{83E45851-7407-4F4B-94E6-CDEC67BA46D2}.Debug|Any CPU.Build.0 = Debug|Any CPU
		{83E45851-7407-4F4B-94E6-CDEC67BA46D2}.Release|Any CPU.ActiveCfg = Release|Any CPU
		{83E45851-7407-4F4B-94E6-CDEC67BA46D2}.Release|Any CPU.Build.0 = Release|Any CPU
		{9E80B3ED-DC3D-4170-81B4-744D024A9D64}.Debug|Any CPU.ActiveCfg = Debug|Any CPU
		{9E80B3ED-DC3D-4170-81B4-744D024A9D64}.Debug|Any CPU.Build.0 = Debug|Any CPU
		{9E80B3ED-DC3D-4170-81B4-744D024A9D64}.Release|Any CPU.ActiveCfg = Release|Any CPU
		{9E80B3ED-DC3D-4170-81B4-744D024A9D64}.Release|Any CPU.Build.0 = Release|Any CPU
		{0F705AF8-ED13-4904-B49F-064BBDEA72C4}.Debug|Any CPU.ActiveCfg = Debug|Any CPU
		{0F705AF8-ED13-4904-B49F-064BBDEA72C4}.Debug|Any CPU.Build.0 = Debug|Any CPU
		{0F705AF8-ED13-4904-B49F-064BBDEA72C4}.Release|Any CPU.ActiveCfg = Release|Any CPU
		{0F705AF8-ED13-4904-B49F-064BBDEA72C4}.Release|Any CPU.Build.0 = Release|Any CPU
	EndGlobalSection
	GlobalSection(SolutionProperties) = preSolution
		HideSolutionNode = FALSE
	EndGlobalSection
EndGlobal
