
Microsoft Visual Studio Solution File, Format Version 12.00
# Visual Studio 14
VisualStudioVersion = 14.0.25420.1
MinimumVisualStudioVersion = 10.0.40219.1
Project("{FAE04EC0-301F-11D3-BF4B-00C04F79EFBC}") = "HungryGarfield", "FinalExam160216\HungryGarfield.csproj", "{031BF28E-831F-4ECF-ADFD-375F4A647000}"
EndProject
Project("{FAE04EC0-301F-11D3-BF4B-00C04F79EFBC}") = "AnswerEncoding", "AnswerEncoding\AnswerEncoding.csproj", "{299E68BE-7332-48E4-BC1C-348D7450B4A2}"
EndProject
Project("{FAE04EC0-301F-11D3-BF4B-00C04F79EFBC}") = "FallInLove", "FallInLove\FallInLove.csproj", "{0D49FA25-433E-4E9A-AA77-56ACE072A168}"
EndProject
Project("{FAE04EC0-301F-11D3-BF4B-00C04F79EFBC}") = "PassionDays", "PassionDays\PassionDays.csproj", "{9092FB5C-095B-48FE-B246-A5769D4AEAA3}"
EndProject
Project("{FAE04EC0-301F-11D3-BF4B-00C04F79EFBC}") = "SaltAndPeeper", "SaltAndPeeper\SaltAndPeeper.csproj", "{DD468B49-59EF-4396-85AB-476D6384251F}"
EndProject
Global
	GlobalSection(SolutionConfigurationPlatforms) = preSolution
		Debug|Any CPU = Debug|Any CPU
		Release|Any CPU = Release|Any CPU
	EndGlobalSection
	GlobalSection(ProjectConfigurationPlatforms) = postSolution
		{031BF28E-831F-4ECF-ADFD-375F4A647000}.Debug|Any CPU.ActiveCfg = Debug|Any CPU
		{031BF28E-831F-4ECF-ADFD-375F4A647000}.Debug|Any CPU.Build.0 = Debug|Any CPU
		{031BF28E-831F-4ECF-ADFD-375F4A647000}.Release|Any CPU.ActiveCfg = Release|Any CPU
		{031BF28E-831F-4ECF-ADFD-375F4A647000}.Release|Any CPU.Build.0 = Release|Any CPU
		{299E68BE-7332-48E4-BC1C-348D7450B4A2}.Debug|Any CPU.ActiveCfg = Debug|Any CPU
		{299E68BE-7332-48E4-BC1C-348D7450B4A2}.Debug|Any CPU.Build.0 = Debug|Any CPU
		{299E68BE-7332-48E4-BC1C-348D7450B4A2}.Release|Any CPU.ActiveCfg = Release|Any CPU
		{299E68BE-7332-48E4-BC1C-348D7450B4A2}.Release|Any CPU.Build.0 = Release|Any CPU
		{0D49FA25-433E-4E9A-AA77-56ACE072A168}.Debug|Any CPU.ActiveCfg = Debug|Any CPU
		{0D49FA25-433E-4E9A-AA77-56ACE072A168}.Debug|Any CPU.Build.0 = Debug|Any CPU
		{0D49FA25-433E-4E9A-AA77-56ACE072A168}.Release|Any CPU.ActiveCfg = Release|Any CPU
		{0D49FA25-433E-4E9A-AA77-56ACE072A168}.Release|Any CPU.Build.0 = Release|Any CPU
		{9092FB5C-095B-48FE-B246-A5769D4AEAA3}.Debug|Any CPU.ActiveCfg = Debug|Any CPU
		{9092FB5C-095B-48FE-B246-A5769D4AEAA3}.Debug|Any CPU.Build.0 = Debug|Any CPU
		{9092FB5C-095B-48FE-B246-A5769D4AEAA3}.Release|Any CPU.ActiveCfg = Release|Any CPU
		{9092FB5C-095B-48FE-B246-A5769D4AEAA3}.Release|Any CPU.Build.0 = Release|Any CPU
		{DD468B49-59EF-4396-85AB-476D6384251F}.Debug|Any CPU.ActiveCfg = Debug|Any CPU
		{DD468B49-59EF-4396-85AB-476D6384251F}.Debug|Any CPU.Build.0 = Debug|Any CPU
		{DD468B49-59EF-4396-85AB-476D6384251F}.Release|Any CPU.ActiveCfg = Release|Any CPU
		{DD468B49-59EF-4396-85AB-476D6384251F}.Release|Any CPU.Build.0 = Release|Any CPU
	EndGlobalSection
	GlobalSection(SolutionProperties) = preSolution
		HideSolutionNode = FALSE
	EndGlobalSection
EndGlobal
