
Microsoft Visual Studio Solution File, Format Version 12.00
# Visual Studio 14
VisualStudioVersion = 14.0.25420.1
MinimumVisualStudioVersion = 10.0.40219.1
Project("{FAE04EC0-301F-11D3-BF4B-00C04F79EFBC}") = "Fishland", "Exam20112016\Fishland.csproj", "{86A5358A-C230-4859-8268-3DADE317CD75}"
EndProject
Project("{FAE04EC0-301F-11D3-BF4B-00C04F79EFBC}") = "pets", "pets\pets.csproj", "{F91A4BCE-F8E4-47F8-BD7D-7F6E6AB01AF5}"
EndProject
Project("{FAE04EC0-301F-11D3-BF4B-00C04F79EFBC}") = "Vacation", "Vacation\Vacation.csproj", "{7A413495-4F49-4000-825C-117EEE045F97}"
EndProject
Project("{FAE04EC0-301F-11D3-BF4B-00C04F79EFBC}") = "SUcamp", "SUcamp\SUcamp.csproj", "{AFDC1FAF-03D1-4AB8-B69E-B5808821F407}"
EndProject
Project("{FAE04EC0-301F-11D3-BF4B-00C04F79EFBC}") = "fox", "fox\fox.csproj", "{4A596860-375C-4079-9EA2-4CC7FFD9E22F}"
EndProject
Project("{FAE04EC0-301F-11D3-BF4B-00C04F79EFBC}") = "Pokemons", "Pokemons\Pokemons.csproj", "{77711ECE-87E2-4D3F-801B-2A6243D7BD76}"
EndProject
Global
	GlobalSection(SolutionConfigurationPlatforms) = preSolution
		Debug|Any CPU = Debug|Any CPU
		Release|Any CPU = Release|Any CPU
	EndGlobalSection
	GlobalSection(ProjectConfigurationPlatforms) = postSolution
		{86A5358A-C230-4859-8268-3DADE317CD75}.Debug|Any CPU.ActiveCfg = Debug|Any CPU
		{86A5358A-C230-4859-8268-3DADE317CD75}.Debug|Any CPU.Build.0 = Debug|Any CPU
		{86A5358A-C230-4859-8268-3DADE317CD75}.Release|Any CPU.ActiveCfg = Release|Any CPU
		{86A5358A-C230-4859-8268-3DADE317CD75}.Release|Any CPU.Build.0 = Release|Any CPU
		{F91A4BCE-F8E4-47F8-BD7D-7F6E6AB01AF5}.Debug|Any CPU.ActiveCfg = Debug|Any CPU
		{F91A4BCE-F8E4-47F8-BD7D-7F6E6AB01AF5}.Debug|Any CPU.Build.0 = Debug|Any CPU
		{F91A4BCE-F8E4-47F8-BD7D-7F6E6AB01AF5}.Release|Any CPU.ActiveCfg = Release|Any CPU
		{F91A4BCE-F8E4-47F8-BD7D-7F6E6AB01AF5}.Release|Any CPU.Build.0 = Release|Any CPU
		{7A413495-4F49-4000-825C-117EEE045F97}.Debug|Any CPU.ActiveCfg = Debug|Any CPU
		{7A413495-4F49-4000-825C-117EEE045F97}.Debug|Any CPU.Build.0 = Debug|Any CPU
		{7A413495-4F49-4000-825C-117EEE045F97}.Release|Any CPU.ActiveCfg = Release|Any CPU
		{7A413495-4F49-4000-825C-117EEE045F97}.Release|Any CPU.Build.0 = Release|Any CPU
		{AFDC1FAF-03D1-4AB8-B69E-B5808821F407}.Debug|Any CPU.ActiveCfg = Debug|Any CPU
		{AFDC1FAF-03D1-4AB8-B69E-B5808821F407}.Debug|Any CPU.Build.0 = Debug|Any CPU
		{AFDC1FAF-03D1-4AB8-B69E-B5808821F407}.Release|Any CPU.ActiveCfg = Release|Any CPU
		{AFDC1FAF-03D1-4AB8-B69E-B5808821F407}.Release|Any CPU.Build.0 = Release|Any CPU
		{4A596860-375C-4079-9EA2-4CC7FFD9E22F}.Debug|Any CPU.ActiveCfg = Debug|Any CPU
		{4A596860-375C-4079-9EA2-4CC7FFD9E22F}.Debug|Any CPU.Build.0 = Debug|Any CPU
		{4A596860-375C-4079-9EA2-4CC7FFD9E22F}.Release|Any CPU.ActiveCfg = Release|Any CPU
		{4A596860-375C-4079-9EA2-4CC7FFD9E22F}.Release|Any CPU.Build.0 = Release|Any CPU
		{77711ECE-87E2-4D3F-801B-2A6243D7BD76}.Debug|Any CPU.ActiveCfg = Debug|Any CPU
		{77711ECE-87E2-4D3F-801B-2A6243D7BD76}.Debug|Any CPU.Build.0 = Debug|Any CPU
		{77711ECE-87E2-4D3F-801B-2A6243D7BD76}.Release|Any CPU.ActiveCfg = Release|Any CPU
		{77711ECE-87E2-4D3F-801B-2A6243D7BD76}.Release|Any CPU.Build.0 = Release|Any CPU
	EndGlobalSection
	GlobalSection(SolutionProperties) = preSolution
		HideSolutionNode = FALSE
	EndGlobalSection
EndGlobal
