
Microsoft Visual Studio Solution File, Format Version 12.00
# Visual Studio 14
VisualStudioVersion = 14.0.25420.1
MinimumVisualStudioVersion = 10.0.40219.1
Project("{FAE04EC0-301F-11D3-BF4B-00C04F79EFBC}") = "XYXY", "ExamTypes\XYXY.csproj", "{187800C1-4C3C-4DCB-8B53-5CA10A6641D7}"
EndProject
Global
	GlobalSection(SolutionConfigurationPlatforms) = preSolution
		Debug|Any CPU = Debug|Any CPU
		Release|Any CPU = Release|Any CPU
	EndGlobalSection
	GlobalSection(ProjectConfigurationPlatforms) = postSolution
		{187800C1-4C3C-4DCB-8B53-5CA10A6641D7}.Debug|Any CPU.ActiveCfg = Debug|Any CPU
		{187800C1-4C3C-4DCB-8B53-5CA10A6641D7}.Debug|Any CPU.Build.0 = Debug|Any CPU
		{187800C1-4C3C-4DCB-8B53-5CA10A6641D7}.Release|Any CPU.ActiveCfg = Release|Any CPU
		{187800C1-4C3C-4DCB-8B53-5CA10A6641D7}.Release|Any CPU.Build.0 = Release|Any CPU
	EndGlobalSection
	GlobalSection(SolutionProperties) = preSolution
		HideSolutionNode = FALSE
	EndGlobalSection
EndGlobal
